# This file is automatically @generated by Cargo.
# It is not intended for manual editing.
version = 3

[[package]]
name = "autocfg"
version = "1.4.0"
source = "registry+https://github.com/rust-lang/crates.io-index"
checksum = "ace50bade8e6234aa140d9a2f552bbee1db4d353f69b8217bc503490fc1a9f26"

[[package]]
name = "base16ct"
version = "0.2.0"
source = "registry+https://github.com/rust-lang/crates.io-index"
checksum = "4c7f02d4ea65f2c1853089ffd8d2787bdbc63de2f0d29dedbcf8ccdfa0ccd4cf"

[[package]]
name = "base64ct"
version = "1.6.0"
source = "registry+https://github.com/rust-lang/crates.io-index"
checksum = "8c3c1a368f70d6cf7302d78f8f7093da241fb8e8807c05cc9e51a125895a6d5b"

[[package]]
name = "block-buffer"
version = "0.11.0-rc.2"
source = "registry+https://github.com/rust-lang/crates.io-index"
checksum = "939c0e62efa052fb0b2db2c0f7c479ad32e364c192c3aab605a7641de265a1a7"
dependencies = [
 "hybrid-array",
]

[[package]]
name = "cfg-if"
version = "1.0.0"
source = "registry+https://github.com/rust-lang/crates.io-index"
checksum = "baf1de4339761588bc0619e3cbc0120ee582ebb74b53b4efbf79117bd2da40fd"

[[package]]
name = "const-oid"
version = "0.10.0-rc.1"
source = "registry+https://github.com/rust-lang/crates.io-index"
checksum = "610947c93f422f713d1ed0570e7c76307aa3bbfd8db723214fed2045a2e32815"

[[package]]
name = "cpufeatures"
version = "0.2.14"
source = "registry+https://github.com/rust-lang/crates.io-index"
checksum = "608697df725056feaccfa42cffdaeeec3fccc4ffc38358ecd19b243e716a78e0"
dependencies = [
 "libc",
]

[[package]]
name = "crypto-bigint"
version = "0.6.0-rc.5"
source = "registry+https://github.com/rust-lang/crates.io-index"
checksum = "040a95c58773f47c92f5f17814702bfd68e8ace9ddce4690c982d0019cac32e2"
dependencies = [
 "hybrid-array",
 "num-traits",
 "rand_core",
 "subtle",
 "zeroize",
]

[[package]]
name = "crypto-common"
version = "0.2.0-rc.1"
source = "registry+https://github.com/rust-lang/crates.io-index"
checksum = "b0b8ce8218c97789f16356e7896b3714f26c2ee1079b79c0b7ae7064bb9089fa"
dependencies = [
 "getrandom",
 "hybrid-array",
 "rand_core",
]

[[package]]
name = "der"
version = "0.8.0-rc.1"
source = "registry+https://github.com/rust-lang/crates.io-index"
checksum = "82db698b33305f0134faf590b9d1259dc171b5481ac41d5c8146c3b3ee7d4319"
dependencies = [
 "const-oid",
 "pem-rfc7468",
 "zeroize",
]

[[package]]
name = "digest"
version = "0.11.0-pre.9"
source = "registry+https://github.com/rust-lang/crates.io-index"
checksum = "cf2e3d6615d99707295a9673e889bf363a04b2a466bd320c65a72536f7577379"
dependencies = [
 "block-buffer",
 "const-oid",
 "crypto-common",
 "subtle",
]

[[package]]
name = "ecdsa"
version = "0.17.0-pre.9"
source = "registry+https://github.com/rust-lang/crates.io-index"
checksum = "7e62f2041a28c40b8884b79fbd19bc7457d76c6397767831e9ff4029fc0473a9"
dependencies = [
 "der",
 "digest",
 "elliptic-curve",
 "rfc6979",
 "signature",
 "spki",
]

[[package]]
name = "elliptic-curve"
version = "0.14.0-rc.1"
source = "registry+https://github.com/rust-lang/crates.io-index"
checksum = "cc43715037532dc2d061e5c97e81b684c28993d52a4fa4eb7d2ce2826d78f2f2"
dependencies = [
 "base16ct",
 "crypto-bigint",
 "digest",
 "ff",
 "group",
 "hkdf",
 "hybrid-array",
 "pem-rfc7468",
 "pkcs8",
 "rand_core",
 "sec1",
 "subtle",
 "zeroize",
]

[[package]]
name = "ff"
version = "0.13.0"
source = "registry+https://github.com/rust-lang/crates.io-index"
checksum = "ded41244b729663b1e574f1b4fb731469f69f79c17667b5d776b16cda0479449"
dependencies = [
 "rand_core",
 "subtle",
]

[[package]]
name = "getrandom"
version = "0.2.15"
source = "registry+https://github.com/rust-lang/crates.io-index"
checksum = "c4567c8db10ae91089c99af84c68c38da3ec2f087c3f82960bcdbf3656b6f4d7"
dependencies = [
 "cfg-if",
 "libc",
 "wasi",
]

[[package]]
name = "group"
version = "0.13.0"
source = "registry+https://github.com/rust-lang/crates.io-index"
checksum = "f0f9ef7462f7c099f518d754361858f86d8a07af53ba9af0fe635bbccb151a63"
dependencies = [
 "ff",
 "rand_core",
 "subtle",
]

[[package]]
name = "hkdf"
version = "0.13.0-pre.4"
source = "registry+https://github.com/rust-lang/crates.io-index"
checksum = "00176ff81091018d42ff82e8324f8e5adb0b7e0468d1358f653972562dbff031"
dependencies = [
 "hmac",
]

[[package]]
name = "hmac"
version = "0.13.0-pre.4"
source = "registry+https://github.com/rust-lang/crates.io-index"
checksum = "e4b1fb14e4df79f9406b434b60acef9f45c26c50062cccf1346c6103b8c47d58"
dependencies = [
 "digest",
]

[[package]]
name = "hybrid-array"
version = "0.2.0-rc.11"
source = "registry+https://github.com/rust-lang/crates.io-index"
checksum = "a5a41e5b0754cae5aaf7915f1df1147ba8d316fc6e019cfcc00fbaba96d5e030"
dependencies = [
 "typenum",
 "zeroize",
]

[[package]]
name = "k256"
version = "0.14.0-pre.2"
source = "git+ssh://git@github.com/RustCrypto/elliptic-curves.git?branch=master#30b2dafbe86a1aee5baa088e9425c6ea052f4102"
dependencies = [
 "cfg-if",
 "ecdsa",
 "elliptic-curve",
 "once_cell",
 "sha2",
 "signature",
]

[[package]]
name = "keccak"
version = "0.2.0-pre.0"
source = "registry+https://github.com/rust-lang/crates.io-index"
checksum = "a7cdd4f0dc5807b9a2b25dd48a3f58e862606fe7bd47f41ecde36e97422d7e90"
dependencies = [
 "cpufeatures",
]

[[package]]
name = "libc"
version = "0.2.159"
source = "registry+https://github.com/rust-lang/crates.io-index"
checksum = "561d97a539a36e26a9a5fad1ea11a3039a67714694aaa379433e580854bc3dc5"

[[package]]
name = "mp-crypto"
version = "0.1.0"
dependencies = [
 "digest",
 "hkdf",
 "hmac",
 "k256",
 "keccak",
 "p224",
 "p256",
 "p384",
 "p521",
 "rand_core",
 "sha3",
]

[[package]]
name = "num-traits"
version = "0.2.19"
source = "registry+https://github.com/rust-lang/crates.io-index"
checksum = "071dfc062690e90b734c0b2273ce72ad0ffa95f0c74596bc250dcfd960262841"
dependencies = [
 "autocfg",
]

[[package]]
name = "once_cell"
version = "1.20.1"
source = "registry+https://github.com/rust-lang/crates.io-index"
checksum = "82881c4be219ab5faaf2ad5e5e5ecdff8c66bd7402ca3160975c93b24961afd1"
dependencies = [
 "portable-atomic",
]

[[package]]
name = "p224"
version = "0.14.0-pre"
source = "git+ssh://git@github.com/RustCrypto/elliptic-curves.git?branch=master#30b2dafbe86a1aee5baa088e9425c6ea052f4102"
dependencies = [
 "ecdsa",
 "elliptic-curve",
 "primeorder",
 "sha2",
]

[[package]]
name = "p256"
version = "0.14.0-pre.2"
source = "git+ssh://git@github.com/RustCrypto/elliptic-curves.git?branch=master#30b2dafbe86a1aee5baa088e9425c6ea052f4102"
dependencies = [
 "ecdsa",
 "elliptic-curve",
 "primeorder",
 "sha2",
]

[[package]]
name = "p384"
version = "0.14.0-pre.2"
source = "git+ssh://git@github.com/RustCrypto/elliptic-curves.git?branch=master#30b2dafbe86a1aee5baa088e9425c6ea052f4102"
dependencies = [
 "ecdsa",
 "elliptic-curve",
 "primeorder",
 "sha2",
]

[[package]]
name = "p521"
version = "0.14.0-pre.2"
source = "git+ssh://git@github.com/RustCrypto/elliptic-curves.git?branch=master#30b2dafbe86a1aee5baa088e9425c6ea052f4102"
dependencies = [
 "base16ct",
 "ecdsa",
 "elliptic-curve",
 "primefield",
 "primeorder",
 "rand_core",
 "sha2",
]

[[package]]
name = "pem-rfc7468"
version = "1.0.0-rc.1"
source = "registry+https://github.com/rust-lang/crates.io-index"
checksum = "b6c1cde4770761bf6bd336f947b9ac1fe700b0a4ec5867cf66cf08597fe89e8c"
dependencies = [
 "base64ct",
]

[[package]]
name = "pkcs8"
version = "0.11.0-rc.1"
source = "registry+https://github.com/rust-lang/crates.io-index"
checksum = "eacd2c7141f32aef1cfd1ad0defb5287a3d94592d7ab57c1ae20e3f9f1f0db1f"
dependencies = [
 "der",
 "spki",
]

[[package]]
name = "portable-atomic"
version = "1.9.0"
source = "registry+https://github.com/rust-lang/crates.io-index"
checksum = "cc9c68a3f6da06753e9335d63e27f6b9754dd1920d941135b7ea8224f141adb2"

[[package]]
name = "primefield"
version = "0.14.0-pre.0"
source = "git+ssh://git@github.com/RustCrypto/elliptic-curves.git?branch=master#30b2dafbe86a1aee5baa088e9425c6ea052f4102"

[[package]]
name = "primeorder"
version = "0.14.0-pre.2"
source = "git+ssh://git@github.com/RustCrypto/elliptic-curves.git?branch=master#30b2dafbe86a1aee5baa088e9425c6ea052f4102"
dependencies = [
 "elliptic-curve",
]

[[package]]
name = "rand_core"
version = "0.6.4"
source = "registry+https://github.com/rust-lang/crates.io-index"
checksum = "ec0be4795e2f6a28069bec0b5ff3e2ac9bafc99e6a9a7dc3547996c5c816922c"
dependencies = [
 "getrandom",
]

[[package]]
name = "rfc6979"
version = "0.5.0-pre.4"
source = "registry+https://github.com/rust-lang/crates.io-index"
checksum = "871ee76a3eee98b0f805e5d1caf26929f4565073c580c053a55f886fc15dea49"
dependencies = [
 "hmac",
 "subtle",
]

[[package]]
name = "sec1"
version = "0.8.0-rc.2"
source = "registry+https://github.com/rust-lang/crates.io-index"
checksum = "ce9453a41af5251f8439173d21b0ed2ae5d4a7c411abb76661806a44811a9d2c"
dependencies = [
 "base16ct",
 "der",
 "hybrid-array",
 "pkcs8",
 "subtle",
 "zeroize",
]

[[package]]
name = "sha2"
version = "0.11.0-pre.4"
source = "registry+https://github.com/rust-lang/crates.io-index"
checksum = "540c0893cce56cdbcfebcec191ec8e0f470dd1889b6e7a0b503e310a94a168f5"
dependencies = [
 "cfg-if",
 "cpufeatures",
 "digest",
]

[[package]]
name = "sha3"
version = "0.11.0-pre.4"
source = "registry+https://github.com/rust-lang/crates.io-index"
checksum = "e485881f388c2818d709796dc883c1ffcadde9d1f0e054f3a5c14974185261a6"
dependencies = [
 "digest",
 "keccak",
]

[[package]]
name = "signature"
version = "2.3.0-pre.4"
source = "registry+https://github.com/rust-lang/crates.io-index"
checksum = "054d71959c7051b9042c26af337f05cc930575ed2604d7d3ced3158383e59734"
dependencies = [
 "digest",
 "rand_core",
]

[[package]]
name = "spki"
version = "0.8.0-rc.0"
source = "registry+https://github.com/rust-lang/crates.io-index"
checksum = "ee3fb1c675852398475928637b3ebbdd7e1d0cc24d27b3bbc81788b4eb51e310"
dependencies = [
 "base64ct",
 "der",
]

[[package]]
name = "subtle"
version = "2.6.1"
source = "registry+https://github.com/rust-lang/crates.io-index"
checksum = "13c2bddecc57b384dee18652358fb23172facb8a2c51ccc10d74c157bdea3292"

[[package]]
name = "typenum"
version = "1.17.0"
source = "registry+https://github.com/rust-lang/crates.io-index"
checksum = "42ff0bf0c66b8238c6f3b578df37d0b7848e55df8577b3f74f92a69acceeb825"

[[package]]
name = "wasi"
version = "0.11.0+wasi-snapshot-preview1"
source = "registry+https://github.com/rust-lang/crates.io-index"
checksum = "9c8d87e72b64a3b4db28d11ce29237c246188f4f51057d65a7eab63b7987e423"

[[package]]
name = "zeroize"
version = "1.8.1"
source = "registry+https://github.com/rust-lang/crates.io-index"
checksum = "ced3678a2879b30306d323f4542626697a464a97c0a07c9aebf7ebca65cd4dde"
